
Microsoft Visual Studio Solution File, Format Version 12.00
Project("{FAE04EC0-301F-11D3-BF4B-00C04F79EFBC}") = "CacheManager", "CacheManager\CacheManager.csproj", "{4E640416-5EC7-4B8D-971C-B7339CF6C205}"
EndProject
Project("{FAE04EC0-301F-11D3-BF4B-00C04F79EFBC}") = "UnitTests", "UnitTests\UnitTests.csproj", "{DF6EAF89-E1DD-46C7-9772-83A3298FF673}"
EndProject
Global
	GlobalSection(SolutionConfigurationPlatforms) = preSolution
		Debug|Any CPU = Debug|Any CPU
		Release|Any CPU = Release|Any CPU
	EndGlobalSection
	GlobalSection(ProjectConfigurationPlatforms) = postSolution
		{4E640416-5EC7-4B8D-971C-B7339CF6C205}.Debug|Any CPU.ActiveCfg = Debug|Any CPU
		{4E640416-5EC7-4B8D-971C-B7339CF6C205}.Debug|Any CPU.Build.0 = Debug|Any CPU
		{4E640416-5EC7-4B8D-971C-B7339CF6C205}.Release|Any CPU.ActiveCfg = Release|Any CPU
		{4E640416-5EC7-4B8D-971C-B7339CF6C205}.Release|Any CPU.Build.0 = Release|Any CPU
		{DF6EAF89-E1DD-46C7-9772-83A3298FF673}.Debug|Any CPU.ActiveCfg = Debug|Any CPU
		{DF6EAF89-E1DD-46C7-9772-83A3298FF673}.Debug|Any CPU.Build.0 = Debug|Any CPU
		{DF6EAF89-E1DD-46C7-9772-83A3298FF673}.Release|Any CPU.ActiveCfg = Release|Any CPU
		{DF6EAF89-E1DD-46C7-9772-83A3298FF673}.Release|Any CPU.Build.0 = Release|Any CPU
	EndGlobalSection
EndGlobal
